
Microsoft Visual Studio Solution File, Format Version 12.00
# Visual Studio 15
VisualStudioVersion = 15.0.28307.572
MinimumVisualStudioVersion = 10.0.40219.1
Project("{9A19103F-16F7-4668-BE54-9A1E7A4F7556}") = "GTTG.Core", "GTTG.Core\GTTG.Core.csproj", "{AB9212C9-A277-4F7E-9784-95ED61C33EB0}"
EndProject
Project("{2150E333-8FDC-42A3-9474-1A3956D46DE8}") = "src", "src", "{A7FEF4D9-FE7C-472D-8A40-808A7FC632A7}"
EndProject
Project("{2150E333-8FDC-42A3-9474-1A3956D46DE8}") = "tests", "tests", "{C564DD08-C72A-48D6-A45B-1BF638CA6065}"
EndProject
Project("{9A19103F-16F7-4668-BE54-9A1E7A4F7556}") = "GTTG.Core.Tests", "GTTG.Core.Tests\GTTG.Core.Tests.csproj", "{EBCFCB16-84A6-4F59-B8EA-DEA15DA256D7}"
EndProject
Project("{2150E333-8FDC-42A3-9474-1A3956D46DE8}") = "Unit", "Unit", "{B562F75A-C8CA-45B0-B401-84099EB3C45A}"
EndProject
Project("{2150E333-8FDC-42A3-9474-1A3956D46DE8}") = "build", "build", "{CB851871-83C3-4BF4-A3F0-3190FBA57A17}"
	ProjectSection(SolutionItems) = preProject
		Directory.Build.props = Directory.Build.props
	EndProjectSection
EndProject
Project("{2150E333-8FDC-42A3-9474-1A3956D46DE8}") = "props", "props", "{25A082D3-A5BC-4EBC-89FB-69A3B0C329C7}"
	ProjectSection(SolutionItems) = preProject
		build\Autofac.props = build\Autofac.props
		build\Base.props = build\Base.props
		build\Newtonsoft.Json.props = build\Newtonsoft.Json.props
		build\Reactive.props = build\Reactive.props
		build\SkiaSharp.props = build\SkiaSharp.props
		build\WPF.props = build\WPF.props
	EndProjectSection
EndProject
Project("{2150E333-8FDC-42A3-9474-1A3956D46DE8}") = "GTTG", "GTTG", "{68C66470-2C48-41C4-82C6-F97FFDA972D8}"
EndProject
Project("{2150E333-8FDC-42A3-9474-1A3956D46DE8}") = "SZDC", "SZDC", "{48FA207A-2D1D-44C2-A476-5E1E4EFB850F}"
EndProject
Project("{2150E333-8FDC-42A3-9474-1A3956D46DE8}") = "UI", "UI", "{501D3E29-D202-47E2-BC75-C5A82153DA3F}"
EndProject
Project("{9A19103F-16F7-4668-BE54-9A1E7A4F7556}") = "GTTG.Model", "GTTG.Model\GTTG.Model.csproj", "{626239CF-9DE1-46AE-B111-24A132467E15}"
EndProject
Project("{9A19103F-16F7-4668-BE54-9A1E7A4F7556}") = "SZDC.Editor", "SZDC.Editor\SZDC.Editor.csproj", "{C7E12554-F27F-428F-A1C1-3F8099B46407}"
EndProject
Project("{2150E333-8FDC-42A3-9474-1A3956D46DE8}") = "Data", "Data", "{3E7A6A60-850F-4344-BABE-B77DBF1B1930}"
EndProject
Project("{9A19103F-16F7-4668-BE54-9A1E7A4F7556}") = "SZDC.Model", "SZDC.Model\SZDC.Model.csproj", "{7A4EC013-9087-4033-82BD-489A0EB749E0}"
EndProject
Project("{FAE04EC0-301F-11D3-BF4B-00C04F79EFBC}") = "SZDC.Data", "SZDC.Data\SZDC.Data.csproj", "{04701574-F20C-4C01-94F6-66CE062F47B9}"
EndProject
Project("{FAE04EC0-301F-11D3-BF4B-00C04F79EFBC}") = "SZDC.WPF", "SZDC.WPF\SZDC.WPF.csproj", "{200B7DDF-24DB-4789-BA9E-2AA6D947E26D}"
EndProject
Project("{9A19103F-16F7-4668-BE54-9A1E7A4F7556}") = "SZDC.JsonParser", "SZDC.JsonParser\SZDC.JsonParser.csproj", "{CBC9E108-1EA3-4E25-9B12-C43B5F7FA3EC}"
EndProject
Global
	GlobalSection(SolutionConfigurationPlatforms) = preSolution
		Debug|Any CPU = Debug|Any CPU
		Debug|x86 = Debug|x86
		Release|Any CPU = Release|Any CPU
		Release|x86 = Release|x86
	EndGlobalSection
	GlobalSection(ProjectConfigurationPlatforms) = postSolution
		{AB9212C9-A277-4F7E-9784-95ED61C33EB0}.Debug|Any CPU.ActiveCfg = Debug|Any CPU
		{AB9212C9-A277-4F7E-9784-95ED61C33EB0}.Debug|Any CPU.Build.0 = Debug|Any CPU
		{AB9212C9-A277-4F7E-9784-95ED61C33EB0}.Debug|x86.ActiveCfg = Debug|Any CPU
		{AB9212C9-A277-4F7E-9784-95ED61C33EB0}.Debug|x86.Build.0 = Debug|Any CPU
		{AB9212C9-A277-4F7E-9784-95ED61C33EB0}.Release|Any CPU.ActiveCfg = Release|Any CPU
		{AB9212C9-A277-4F7E-9784-95ED61C33EB0}.Release|Any CPU.Build.0 = Release|Any CPU
		{AB9212C9-A277-4F7E-9784-95ED61C33EB0}.Release|x86.ActiveCfg = Release|Any CPU
		{AB9212C9-A277-4F7E-9784-95ED61C33EB0}.Release|x86.Build.0 = Release|Any CPU
		{EBCFCB16-84A6-4F59-B8EA-DEA15DA256D7}.Debug|Any CPU.ActiveCfg = Debug|Any CPU
		{EBCFCB16-84A6-4F59-B8EA-DEA15DA256D7}.Debug|Any CPU.Build.0 = Debug|Any CPU
		{EBCFCB16-84A6-4F59-B8EA-DEA15DA256D7}.Debug|x86.ActiveCfg = Debug|Any CPU
		{EBCFCB16-84A6-4F59-B8EA-DEA15DA256D7}.Debug|x86.Build.0 = Debug|Any CPU
		{EBCFCB16-84A6-4F59-B8EA-DEA15DA256D7}.Release|Any CPU.ActiveCfg = Release|Any CPU
		{EBCFCB16-84A6-4F59-B8EA-DEA15DA256D7}.Release|Any CPU.Build.0 = Release|Any CPU
		{EBCFCB16-84A6-4F59-B8EA-DEA15DA256D7}.Release|x86.ActiveCfg = Release|Any CPU
		{EBCFCB16-84A6-4F59-B8EA-DEA15DA256D7}.Release|x86.Build.0 = Release|Any CPU
		{626239CF-9DE1-46AE-B111-24A132467E15}.Debug|Any CPU.ActiveCfg = Debug|Any CPU
		{626239CF-9DE1-46AE-B111-24A132467E15}.Debug|Any CPU.Build.0 = Debug|Any CPU
		{626239CF-9DE1-46AE-B111-24A132467E15}.Debug|x86.ActiveCfg = Debug|Any CPU
		{626239CF-9DE1-46AE-B111-24A132467E15}.Debug|x86.Build.0 = Debug|Any CPU
		{626239CF-9DE1-46AE-B111-24A132467E15}.Release|Any CPU.ActiveCfg = Release|Any CPU
		{626239CF-9DE1-46AE-B111-24A132467E15}.Release|Any CPU.Build.0 = Release|Any CPU
		{626239CF-9DE1-46AE-B111-24A132467E15}.Release|x86.ActiveCfg = Release|Any CPU
		{626239CF-9DE1-46AE-B111-24A132467E15}.Release|x86.Build.0 = Release|Any CPU
		{C7E12554-F27F-428F-A1C1-3F8099B46407}.Debug|Any CPU.ActiveCfg = Debug|Any CPU
		{C7E12554-F27F-428F-A1C1-3F8099B46407}.Debug|Any CPU.Build.0 = Debug|Any CPU
		{C7E12554-F27F-428F-A1C1-3F8099B46407}.Debug|x86.ActiveCfg = Debug|Any CPU
		{C7E12554-F27F-428F-A1C1-3F8099B46407}.Debug|x86.Build.0 = Debug|Any CPU
		{C7E12554-F27F-428F-A1C1-3F8099B46407}.Release|Any CPU.ActiveCfg = Release|Any CPU
		{C7E12554-F27F-428F-A1C1-3F8099B46407}.Release|Any CPU.Build.0 = Release|Any CPU
		{C7E12554-F27F-428F-A1C1-3F8099B46407}.Release|x86.ActiveCfg = Release|Any CPU
		{C7E12554-F27F-428F-A1C1-3F8099B46407}.Release|x86.Build.0 = Release|Any CPU
		{7A4EC013-9087-4033-82BD-489A0EB749E0}.Debug|Any CPU.ActiveCfg = Debug|Any CPU
		{7A4EC013-9087-4033-82BD-489A0EB749E0}.Debug|Any CPU.Build.0 = Debug|Any CPU
		{7A4EC013-9087-4033-82BD-489A0EB749E0}.Debug|x86.ActiveCfg = Debug|Any CPU
		{7A4EC013-9087-4033-82BD-489A0EB749E0}.Debug|x86.Build.0 = Debug|Any CPU
		{7A4EC013-9087-4033-82BD-489A0EB749E0}.Release|Any CPU.ActiveCfg = Release|Any CPU
		{7A4EC013-9087-4033-82BD-489A0EB749E0}.Release|Any CPU.Build.0 = Release|Any CPU
		{7A4EC013-9087-4033-82BD-489A0EB749E0}.Release|x86.ActiveCfg = Release|Any CPU
		{7A4EC013-9087-4033-82BD-489A0EB749E0}.Release|x86.Build.0 = Release|Any CPU
		{04701574-F20C-4C01-94F6-66CE062F47B9}.Debug|Any CPU.ActiveCfg = Debug|Any CPU
		{04701574-F20C-4C01-94F6-66CE062F47B9}.Debug|Any CPU.Build.0 = Debug|Any CPU
		{04701574-F20C-4C01-94F6-66CE062F47B9}.Debug|x86.ActiveCfg = Debug|Any CPU
		{04701574-F20C-4C01-94F6-66CE062F47B9}.Debug|x86.Build.0 = Debug|Any CPU
		{04701574-F20C-4C01-94F6-66CE062F47B9}.Release|Any CPU.ActiveCfg = Release|Any CPU
		{04701574-F20C-4C01-94F6-66CE062F47B9}.Release|Any CPU.Build.0 = Release|Any CPU
		{04701574-F20C-4C01-94F6-66CE062F47B9}.Release|x86.ActiveCfg = Release|Any CPU
		{04701574-F20C-4C01-94F6-66CE062F47B9}.Release|x86.Build.0 = Release|Any CPU
		{200B7DDF-24DB-4789-BA9E-2AA6D947E26D}.Debug|Any CPU.ActiveCfg = Debug|Any CPU
		{200B7DDF-24DB-4789-BA9E-2AA6D947E26D}.Debug|Any CPU.Build.0 = Debug|Any CPU
		{200B7DDF-24DB-4789-BA9E-2AA6D947E26D}.Debug|x86.ActiveCfg = Debug|Any CPU
		{200B7DDF-24DB-4789-BA9E-2AA6D947E26D}.Debug|x86.Build.0 = Debug|Any CPU
		{200B7DDF-24DB-4789-BA9E-2AA6D947E26D}.Release|Any CPU.ActiveCfg = Release|Any CPU
		{200B7DDF-24DB-4789-BA9E-2AA6D947E26D}.Release|Any CPU.Build.0 = Release|Any CPU
		{200B7DDF-24DB-4789-BA9E-2AA6D947E26D}.Release|x86.ActiveCfg = Release|Any CPU
		{200B7DDF-24DB-4789-BA9E-2AA6D947E26D}.Release|x86.Build.0 = Release|Any CPU
		{CBC9E108-1EA3-4E25-9B12-C43B5F7FA3EC}.Debug|Any CPU.ActiveCfg = Debug|Any CPU
		{CBC9E108-1EA3-4E25-9B12-C43B5F7FA3EC}.Debug|Any CPU.Build.0 = Debug|Any CPU
		{CBC9E108-1EA3-4E25-9B12-C43B5F7FA3EC}.Debug|x86.ActiveCfg = Debug|Any CPU
		{CBC9E108-1EA3-4E25-9B12-C43B5F7FA3EC}.Debug|x86.Build.0 = Debug|Any CPU
		{CBC9E108-1EA3-4E25-9B12-C43B5F7FA3EC}.Release|Any CPU.ActiveCfg = Release|Any CPU
		{CBC9E108-1EA3-4E25-9B12-C43B5F7FA3EC}.Release|Any CPU.Build.0 = Release|Any CPU
		{CBC9E108-1EA3-4E25-9B12-C43B5F7FA3EC}.Release|x86.ActiveCfg = Release|Any CPU
		{CBC9E108-1EA3-4E25-9B12-C43B5F7FA3EC}.Release|x86.Build.0 = Release|Any CPU
	EndGlobalSection
	GlobalSection(SolutionProperties) = preSolution
		HideSolutionNode = FALSE
	EndGlobalSection
	GlobalSection(NestedProjects) = preSolution
		{AB9212C9-A277-4F7E-9784-95ED61C33EB0} = {68C66470-2C48-41C4-82C6-F97FFDA972D8}
		{EBCFCB16-84A6-4F59-B8EA-DEA15DA256D7} = {B562F75A-C8CA-45B0-B401-84099EB3C45A}
		{B562F75A-C8CA-45B0-B401-84099EB3C45A} = {C564DD08-C72A-48D6-A45B-1BF638CA6065}
		{25A082D3-A5BC-4EBC-89FB-69A3B0C329C7} = {CB851871-83C3-4BF4-A3F0-3190FBA57A17}
		{68C66470-2C48-41C4-82C6-F97FFDA972D8} = {A7FEF4D9-FE7C-472D-8A40-808A7FC632A7}
		{48FA207A-2D1D-44C2-A476-5E1E4EFB850F} = {A7FEF4D9-FE7C-472D-8A40-808A7FC632A7}
		{501D3E29-D202-47E2-BC75-C5A82153DA3F} = {48FA207A-2D1D-44C2-A476-5E1E4EFB850F}
		{626239CF-9DE1-46AE-B111-24A132467E15} = {68C66470-2C48-41C4-82C6-F97FFDA972D8}
		{C7E12554-F27F-428F-A1C1-3F8099B46407} = {48FA207A-2D1D-44C2-A476-5E1E4EFB850F}
		{3E7A6A60-850F-4344-BABE-B77DBF1B1930} = {48FA207A-2D1D-44C2-A476-5E1E4EFB850F}
		{7A4EC013-9087-4033-82BD-489A0EB749E0} = {48FA207A-2D1D-44C2-A476-5E1E4EFB850F}
		{04701574-F20C-4C01-94F6-66CE062F47B9} = {3E7A6A60-850F-4344-BABE-B77DBF1B1930}
		{200B7DDF-24DB-4789-BA9E-2AA6D947E26D} = {501D3E29-D202-47E2-BC75-C5A82153DA3F}
		{CBC9E108-1EA3-4E25-9B12-C43B5F7FA3EC} = {3E7A6A60-850F-4344-BABE-B77DBF1B1930}
	EndGlobalSection
	GlobalSection(ExtensibilityGlobals) = postSolution
		SolutionGuid = {31E1EFD3-7DCE-44D2-B0DB-03222592954B}
	EndGlobalSection
EndGlobal
